
Microsoft Visual Studio Solution File, Format Version 12.00
# Visual Studio 2012
Project("{FAE04EC0-301F-11D3-BF4B-00C04F79EFBC}") = "DomainWebProxy", "DomainWebProxy.csproj", "{766C14D6-BA6F-4846-ACF5-C30C44CDC96F}"
EndProject
Global
	GlobalSection(SolutionConfigurationPlatforms) = preSolution
		Debug|Any CPU = Debug|Any CPU
		Release|Any CPU = Release|Any CPU
	EndGlobalSection
	GlobalSection(ProjectConfigurationPlatforms) = postSolution
		{766C14D6-BA6F-4846-ACF5-C30C44CDC96F}.Debug|Any CPU.ActiveCfg = Debug|Any CPU
		{766C14D6-BA6F-4846-ACF5-C30C44CDC96F}.Debug|Any CPU.Build.0 = Debug|Any CPU
		{766C14D6-BA6F-4846-ACF5-C30C44CDC96F}.Release|Any CPU.ActiveCfg = Release|Any CPU
		{766C14D6-BA6F-4846-ACF5-C30C44CDC96F}.Release|Any CPU.Build.0 = Release|Any CPU
	EndGlobalSection
	GlobalSection(SolutionProperties) = preSolution
		HideSolutionNode = FALSE
	EndGlobalSection
EndGlobal
